
Microsoft Visual Studio Solution File, Format Version 12.00
# Visual Studio Version 17
VisualStudioVersion = 17.13.35913.81 d17.13
MinimumVisualStudioVersion = 10.0.40219.1
Project("{8BC9CEB8-8B4A-11D0-8D11-00A0C91BC942}") = "Assignment1", "Assignment1\Assignment1.vcxproj", "{6A2CFEF5-B86D-4299-A418-4E2B3A0C245A}"
EndProject
Global
	GlobalSection(SolutionConfigurationPlatforms) = preSolution
		Debug|x64 = Debug|x64
		Debug|x86 = Debug|x86
		Release|x64 = Release|x64
		Release|x86 = Release|x86
	EndGlobalSection
	GlobalSection(ProjectConfigurationPlatforms) = postSolution
		{6A2CFEF5-B86D-4299-A418-4E2B3A0C245A}.Debug|x64.ActiveCfg = Debug|x64
		{6A2CFEF5-B86D-4299-A418-4E2B3A0C245A}.Debug|x64.Build.0 = Debug|x64
		{6A2CFEF5-B86D-4299-A418-4E2B3A0C245A}.Debug|x86.ActiveCfg = Debug|Win32
		{6A2CFEF5-B86D-4299-A418-4E2B3A0C245A}.Debug|x86.Build.0 = Debug|Win32
		{6A2CFEF5-B86D-4299-A418-4E2B3A0C245A}.Release|x64.ActiveCfg = Release|x64
		{6A2CFEF5-B86D-4299-A418-4E2B3A0C245A}.Release|x64.Build.0 = Release|x64
		{6A2CFEF5-B86D-4299-A418-4E2B3A0C245A}.Release|x86.ActiveCfg = Release|Win32
		{6A2CFEF5-B86D-4299-A418-4E2B3A0C245A}.Release|x86.Build.0 = Release|Win32
	EndGlobalSection
	GlobalSection(SolutionProperties) = preSolution
		HideSolutionNode = FALSE
	EndGlobalSection
	GlobalSection(ExtensibilityGlobals) = postSolution
		SolutionGuid = {F89B59AF-C2CE-4DDB-8896-5389F51AA540}
	EndGlobalSection
EndGlobal
