
Microsoft Visual Studio Solution File, Format Version 12.00
# Visual Studio Version 17
VisualStudioVersion = 17.14.36109.1 d17.14
MinimumVisualStudioVersion = 10.0.40219.1
Project("{FAE04EC0-301F-11D3-BF4B-00C04F79EFBC}") = "practiceDB", "practiceDB\practiceDB.csproj", "{31F1BC75-BFDC-4BFE-ABFD-00A4130C5CC1}"
EndProject
Global
	GlobalSection(SolutionConfigurationPlatforms) = preSolution
		Debug|Any CPU = Debug|Any CPU
		Release|Any CPU = Release|Any CPU
	EndGlobalSection
	GlobalSection(ProjectConfigurationPlatforms) = postSolution
		{31F1BC75-BFDC-4BFE-ABFD-00A4130C5CC1}.Debug|Any CPU.ActiveCfg = Debug|Any CPU
		{31F1BC75-BFDC-4BFE-ABFD-00A4130C5CC1}.Debug|Any CPU.Build.0 = Debug|Any CPU
		{31F1BC75-BFDC-4BFE-ABFD-00A4130C5CC1}.Release|Any CPU.ActiveCfg = Release|Any CPU
		{31F1BC75-BFDC-4BFE-ABFD-00A4130C5CC1}.Release|Any CPU.Build.0 = Release|Any CPU
	EndGlobalSection
	GlobalSection(SolutionProperties) = preSolution
		HideSolutionNode = FALSE
	EndGlobalSection
	GlobalSection(ExtensibilityGlobals) = postSolution
		SolutionGuid = {E3AA982B-D3C0-4B69-9F04-2639235CF5F1}
	EndGlobalSection
EndGlobal
